<Solution>
  <Folder Name="/src/">
    <Project Path="src/AiNexus.Host/AiNexus.Host.csproj" />
    <Project Path="src/AiNexus.Features/AiNexus.Features.csproj" />
    <Project Path="src/AiNexus.Platform/AiNexus.Platform.csproj" />
  </Folder>
  <Folder Name="/tests/">
    <Project Path="tests/AiNexus.ArchitectureTests/AiNexus.ArchitectureTests.csproj" />
    <Project Path="tests/AiNexus.IntegrationTests/AiNexus.IntegrationTests.csproj" />
    <Project Path="tests/AiNexus.UnitTests/AiNexus.UnitTests.csproj" />
  </Folder>
</Solution>
